// !$*UTF8*$!
{
	archiveVersion = 1;
	classes = {
	};
	objectVersion = 46;
	objects = {

/* Begin PBXBuildFile section */
		1939D95C1A88B32D00F5E62D /* main.m in Sources */ = {isa = PBXBuildFile; fileRef = 1939D95B1A88B32D00F5E62D /* main.m */; };
		1939D95F1A88B32D00F5E62D /* AppDelegate.m in Sources */ = {isa = PBXBuildFile; fileRef = 1939D95E1A88B32D00F5E62D /* AppDelegate.m */; };
		1939D9621A88B32D00F5E62D /* ViewController.m in Sources */ = {isa = PBXBuildFile; fileRef = 1939D9611A88B32D00F5E62D /* ViewController.m */; };
		1939D9651A88B32D00F5E62D /* Main.storyboard in Resources */ = {isa = PBXBuildFile; fileRef = 1939D9631A88B32D00F5E62D /* Main.storyboard */; };
		1939D9671A88B32D00F5E62D /* Images.xcassets in Resources */ = {isa = PBXBuildFile; fileRef = 1939D9661A88B32D00F5E62D /* Images.xcassets */; };
		1939D96A1A88B32D00F5E62D /* LaunchScreen.xib in Resources */ = {isa = PBXBuildFile; fileRef = 1939D9681A88B32D00F5E62D /* LaunchScreen.xib */; };
		1939D9761A88B32D00F5E62D /* DAHelloWorldTests.m in Sources */ = {isa = PBXBuildFile; fileRef = 1939D9751A88B32D00F5E62D /* DAHelloWorldTests.m */; };
		1939D9811A88B9B000F5E62D /* DATestViewController.m in Sources */ = {isa = PBXBuildFile; fileRef = 1939D9801A88B9B000F5E62D /* DATestViewController.m */; };
/* End PBXBuildFile section */

/* Begin PBXContainerItemProxy section */
		1939D9701A88B32D00F5E62D /* PBXContainerItemProxy */ = {
			isa = PBXContainerItemProxy;
			containerPortal = 1939D94E1A88B32D00F5E62D /* Project object */;
			proxyType = 1;
			remoteGlobalIDString = 1939D9551A88B32D00F5E62D;
			remoteInfo = DAHelloWorld;
		};
/* End PBXContainerItemProxy section */

/* Begin PBXFileReference section */
		1939D9561A88B32D00F5E62D /* DAHelloWorld.app */ = {isa = PBXFileReference; explicitFileType = wrapper.application; includeInIndex = 0; path = DAHelloWorld.app; sourceTree = BUILT_PRODUCTS_DIR; };
		1939D95A1A88B32D00F5E62D /* Info.plist */ = {isa = PBXFileReference; lastKnownFileType = text.plist.xml; path = Info.plist; sourceTree = "<group>"; };
		1939D95B1A88B32D00F5E62D /* main.m */ = {isa = PBXFileReference; lastKnownFileType = sourcecode.c.objc; path = main.m; sourceTree = "<group>"; };
		1939D95D1A88B32D00F5E62D /* AppDelegate.h */ = {isa = PBXFileReference; lastKnownFileType = sourcecode.c.h; path = AppDelegate.h; sourceTree = "<group>"; };
		1939D95E1A88B32D00F5E62D /* AppDelegate.m */ = {isa = PBXFileReference; lastKnownFileType = sourcecode.c.objc; path = AppDelegate.m; sourceTree = "<group>"; };
		1939D9601A88B32D00F5E62D /* ViewController.h */ = {isa = PBXFileReference; lastKnownFileType = sourcecode.c.h; path = ViewController.h; sourceTree = "<group>"; };
		1939D9611A88B32D00F5E62D /* ViewController.m */ = {isa = PBXFileReference; lastKnownFileType = sourcecode.c.objc; path = ViewController.m; sourceTree = "<group>"; };
		1939D9641A88B32D00F5E62D /* Base */ = {isa = PBXFileReference; lastKnownFileType = file.storyboard; name = Base; path = Base.lproj/Main.storyboard; sourceTree = "<group>"; };
		1939D9661A88B32D00F5E62D /* Images.xcassets */ = {isa = PBXFileReference; lastKnownFileType = folder.assetcatalog; path = Images.xcassets; sourceTree = "<group>"; };
		1939D9691A88B32D00F5E62D /* Base */ = {isa = PBXFileReference; lastKnownFileType = file.xib; name = Base; path = Base.lproj/LaunchScreen.xib; sourceTree = "<group>"; };
		1939D96F1A88B32D00F5E62D /* DAHelloWorldTests.xctest */ = {isa = PBXFileReference; explicitFileType = wrapper.cfbundle; includeInIndex = 0; path = DAHelloWorldTests.xctest; sourceTree = BUILT_PRODUCTS_DIR; };
		1939D9741A88B32D00F5E62D /* Info.plist */ = {isa = PBXFileReference; lastKnownFileType = text.plist.xml; path = Info.plist; sourceTree = "<group>"; };
		1939D9751A88B32D00F5E62D /* DAHelloWorldTests.m */ = {isa = PBXFileReference; lastKnownFileType = sourcecode.c.objc; path = DAHelloWorldTests.m; sourceTree = "<group>"; };
		1939D97F1A88B9B000F5E62D /* DATestViewController.h */ = {isa = PBXFileReference; fileEncoding = 4; lastKnownFileType = sourcecode.c.h; path = DATestViewController.h; sourceTree = "<group>"; };
		1939D9801A88B9B000F5E62D /* DATestViewController.m */ = {isa = PBXFileReference; fileEncoding = 4; lastKnownFileType = sourcecode.c.objc; path = DATestViewController.m; sourceTree = "<group>"; };
/* End PBXFileReference section */

/* Begin PBXFrameworksBuildPhase section */
		1939D9531A88B32D00F5E62D /* Frameworks */ = {
			isa = PBXFrameworksBuildPhase;
			buildActionMask = 2147483647;
			files = (
			);
			runOnlyForDeploymentPostprocessing = 0;
		};
		1939D96C1A88B32D00F5E62D /* Frameworks */ = {
			isa = PBXFrameworksBuildPhase;
			buildActionMask = 2147483647;
			files = (
			);
			runOnlyForDeploymentPostprocessing = 0;
		};
/* End PBXFrameworksBuildPhase section */

/* Begin PBXGroup section */
		1939D94D1A88B32D00F5E62D = {
			isa = PBXGroup;
			children = (
				1939D9581A88B32D00F5E62D /* DAHelloWorld */,
				1939D9721A88B32D00F5E62D /* DAHelloWorldTests */,
				1939D9571A88B32D00F5E62D /* Products */,
			);
			sourceTree = "<group>";
		};
		1939D9571A88B32D00F5E62D /* Products */ = {
			isa = PBXGroup;
			children = (
				1939D9561A88B32D00F5E62D /* DAHelloWorld.app */,
				1939D96F1A88B32D00F5E62D /* DAHelloWorldTests.xctest */,
			);
			name = Products;
			sourceTree = "<group>";
		};
		1939D9581A88B32D00F5E62D /* DAHelloWorld */ = {
			isa = PBXGroup;
			children = (
				1939D95D1A88B32D00F5E62D /* AppDelegate.h */,
				1939D95E1A88B32D00F5E62D /* AppDelegate.m */,
				1939D9601A88B32D00F5E62D /* ViewController.h */,
				1939D9611A88B32D00F5E62D /* ViewController.m */,
				1939D9631A88B32D00F5E62D /* Main.storyboard */,
				1939D9661A88B32D00F5E62D /* Images.xcassets */,
				1939D9681A88B32D00F5E62D /* LaunchScreen.xib */,
				1939D9591A88B32D00F5E62D /* Supporting Files */,
				1939D97F1A88B9B000F5E62D /* DATestViewController.h */,
				1939D9801A88B9B000F5E62D /* DATestViewController.m */,
			);
			path = DAHelloWorld;
			sourceTree = "<group>";
		};
		1939D9591A88B32D00F5E62D /* Supporting Files */ = {
			isa = PBXGroup;
			children = (
				1939D95A1A88B32D00F5E62D /* Info.plist */,
				1939D95B1A88B32D00F5E62D /* main.m */,
			);
			name = "Supporting Files";
			sourceTree = "<group>";
		};
		1939D9721A88B32D00F5E62D /* DAHelloWorldTests */ = {
			isa = PBXGroup;
			children = (
				1939D9751A88B32D00F5E62D /* DAHelloWorldTests.m */,
				1939D9731A88B32D00F5E62D /* Supporting Files */,
			);
			path = DAHelloWorldTests;
			sourceTree = "<group>";
		};
		1939D9731A88B32D00F5E62D /* Supporting Files */ = {
			isa = PBXGroup;
			children = (
				1939D9741A88B32D00F5E62D /* Info.plist */,
			);
			name = "Supporting Files";
			sourceTree = "<group>";
		};
/* End PBXGroup section */

/* Begin PBXNativeTarget section */
		1939D9551A88B32D00F5E62D /* DAHelloWorld */ = {
			isa = PBXNativeTarget;
			buildConfigurationList = 1939D9791A88B32D00F5E62D /* Build configuration list for PBXNativeTarget "DAHelloWorld" */;
			buildPhases = (
				1939D9521A88B32D00F5E62D /* Sources */,
				1939D9531A88B32D00F5E62D /* Frameworks */,
				1939D9541A88B32D00F5E62D /* Resources */,
			);
			buildRules = (
			);
			dependencies = (
			);
			name = DAHelloWorld;
			productName = DAHelloWorld;
			productReference = 1939D9561A88B32D00F5E62D /* DAHelloWorld.app */;
			productType = "com.apple.product-type.application";
		};
		1939D96E1A88B32D00F5E62D /* DAHelloWorldTests */ = {
			isa = PBXNativeTarget;
			buildConfigurationList = 1939D97C1A88B32D00F5E62D /* Build configuration list for PBXNativeTarget "DAHelloWorldTests" */;
			buildPhases = (
				1939D96B1A88B32D00F5E62D /* Sources */,
				1939D96C1A88B32D00F5E62D /* Frameworks */,
				1939D96D1A88B32D00F5E62D /* Resources */,
			);
			buildRules = (
			);
			dependencies = (
				1939D9711A88B32D00F5E62D /* PBXTargetDependency */,
			);
			name = DAHelloWorldTests;
			productName = DAHelloWorldTests;
			productReference = 1939D96F1A88B32D00F5E62D /* DAHelloWorldTests.xctest */;
			productType = "com.apple.product-type.bundle.unit-test";
		};
/* End PBXNativeTarget section */

/* Begin PBXProject section */
		1939D94E1A88B32D00F5E62D /* Project object */ = {
			isa = PBXProject;
			attributes = {
				LastUpgradeCheck = 0610;
				ORGANIZATIONNAME = k_nagadou;
				TargetAttributes = {
					1939D9551A88B32D00F5E62D = {
						CreatedOnToolsVersion = 6.1.1;
					};
					1939D96E1A88B32D00F5E62D = {
						CreatedOnToolsVersion = 6.1.1;
						TestTargetID = 1939D9551A88B32D00F5E62D;
					};
				};
			};
			buildConfigurationList = 1939D9511A88B32D00F5E62D /* Build configuration list for PBXProject "DAHelloWorld" */;
			compatibilityVersion = "Xcode 3.2";
			developmentRegion = English;
			hasScannedForEncodings = 0;
			knownRegions = (
				en,
				Base,
			);
			mainGroup = 1939D94D1A88B32D00F5E62D;
			productRefGroup = 1939D9571A88B32D00F5E62D /* Products */;
			projectDirPath = "";
			projectRoot = "";
			targets = (
				1939D9551A88B32D00F5E62D /* DAHelloWorld */,
				1939D96E1A88B32D00F5E62D /* DAHelloWorldTests */,
			);
		};
/* End PBXProject section */

/* Begin PBXResourcesBuildPhase section */
		1939D9541A88B32D00F5E62D /* Resources */ = {
			isa = PBXResourcesBuildPhase;
			buildActionMask = 2147483647;
			files = (
				1939D9651A88B32D00F5E62D /* Main.storyboard in Resources */,
				1939D96A1A88B32D00F5E62D /* LaunchScreen.xib in Resources */,
				1939D9671A88B32D00F5E62D /* Images.xcassets in Resources */,
			);
			runOnlyForDeploymentPostprocessing = 0;
		};
		1939D96D1A88B32D00F5E62D /* Resources */ = {
			isa = PBXResourcesBuildPhase;
			buildActionMask = 2147483647;
			files = (
			);
			runOnlyForDeploymentPostprocessing = 0;
		};
/* End PBXResourcesBuildPhase section */

/* Begin PBXSourcesBuildPhase section */
		1939D9521A88B32D00F5E62D /* Sources */ = {
			isa = PBXSourcesBuildPhase;
			buildActionMask = 2147483647;
			files = (
				1939D9621A88B32D00F5E62D /* ViewController.m in Sources */,
				1939D9811A88B9B000F5E62D /* DATestViewController.m in Sources */,
				1939D95F1A88B32D00F5E62D /* AppDelegate.m in Sources */,
				1939D95C1A88B32D00F5E62D /* main.m in Sources */,
			);
			runOnlyForDeploymentPostprocessing = 0;
		};
		1939D96B1A88B32D00F5E62D /* Sources */ = {
			isa = PBXSourcesBuildPhase;
			buildActionMask = 2147483647;
			files = (
				1939D9761A88B32D00F5E62D /* DAHelloWorldTests.m in Sources */,
			);
			runOnlyForDeploymentPostprocessing = 0;
		};
/* End PBXSourcesBuildPhase section */

/* Begin PBXTargetDependency section */
		1939D9711A88B32D00F5E62D /* PBXTargetDependency */ = {
			isa = PBXTargetDependency;
			target = 1939D9551A88B32D00F5E62D /* DAHelloWorld */;
			targetProxy = 1939D9701A88B32D00F5E62D /* PBXContainerItemProxy */;
		};
/* End PBXTargetDependency section */

/* Begin PBXVariantGroup section */
		1939D9631A88B32D00F5E62D /* Main.storyboard */ = {
			isa = PBXVariantGroup;
			children = (
				1939D9641A88B32D00F5E62D /* Base */,
			);
			name = Main.storyboard;
			sourceTree = "<group>";
		};
		1939D9681A88B32D00F5E62D /* LaunchScreen.xib */ = {
			isa = PBXVariantGroup;
			children = (
				1939D9691A88B32D00F5E62D /* Base */,
			);
			name = LaunchScreen.xib;
			sourceTree = "<group>";
		};
/* End PBXVariantGroup section */

/* Begin XCBuildConfiguration section */
		1939D9771A88B32D00F5E62D /* Debug */ = {
			isa = XCBuildConfiguration;
			buildSettings = {
				ALWAYS_SEARCH_USER_PATHS = NO;
				CLANG_CXX_LANGUAGE_STANDARD = "gnu++0x";
				CLANG_CXX_LIBRARY = "libc++";
				CLANG_ENABLE_MODULES = YES;
				CLANG_ENABLE_OBJC_ARC = YES;
				CLANG_WARN_BOOL_CONVERSION = YES;
				CLANG_WARN_CONSTANT_CONVERSION = YES;
				CLANG_WARN_DIRECT_OBJC_ISA_USAGE = YES_ERROR;
				CLANG_WARN_EMPTY_BODY = YES;
				CLANG_WARN_ENUM_CONVERSION = YES;
				CLANG_WARN_INT_CONVERSION = YES;
				CLANG_WARN_OBJC_ROOT_CLASS = YES_ERROR;
				CLANG_WARN_UNREACHABLE_CODE = YES;
				CLANG_WARN__DUPLICATE_METHOD_MATCH = YES;
				"CODE_SIGN_IDENTITY[sdk=iphoneos*]" = "iPhone Developer";
				COPY_PHASE_STRIP = NO;
				ENABLE_STRICT_OBJC_MSGSEND = YES;
				GCC_C_LANGUAGE_STANDARD = gnu99;
				GCC_DYNAMIC_NO_PIC = NO;
				GCC_OPTIMIZATION_LEVEL = 0;
				GCC_PREPROCESSOR_DEFINITIONS = (
					"DEBUG=1",
					"$(inherited)",
				);
				GCC_SYMBOLS_PRIVATE_EXTERN = NO;
				GCC_WARN_64_TO_32_BIT_CONVERSION = YES;
				GCC_WARN_ABOUT_RETURN_TYPE = YES_ERROR;
				GCC_WARN_UNDECLARED_SELECTOR = YES;
				GCC_WARN_UNINITIALIZED_AUTOS = YES_AGGRESSIVE;
				GCC_WARN_UNUSED_FUNCTION = YES;
				GCC_WARN_UNUSED_VARIABLE = YES;
				IPHONEOS_DEPLOYMENT_TARGET = 8.1;
				MTL_ENABLE_DEBUG_INFO = YES;
				ONLY_ACTIVE_ARCH = YES;
				SDKROOT = iphoneos;
				TARGETED_DEVICE_FAMILY = "1,2";
			};
			name = Debug;
		};
		1939D9781A88B32D00F5E62D /* Release */ = {
			isa = XCBuildConfiguration;
			buildSettings = {
				ALWAYS_SEARCH_USER_PATHS = NO;
				CLANG_CXX_LANGUAGE_STANDARD = "gnu++0x";
				CLANG_CXX_LIBRARY = "libc++";
				CLANG_ENABLE_MODULES = YES;
				CLANG_ENABLE_OBJC_ARC = YES;
				CLANG_WARN_BOOL_CONVERSION = YES;
				CLANG_WARN_CONSTANT_CONVERSION = YES;
				CLANG_WARN_DIRECT_OBJC_ISA_USAGE = YES_ERROR;
				CLANG_WARN_EMPTY_BODY = YES;
				CLANG_WARN_ENUM_CONVERSION = YES;
				CLANG_WARN_INT_CONVERSION = YES;
				CLANG_WARN_OBJC_ROOT_CLASS = YES_ERROR;
				CLANG_WARN_UNREACHABLE_CODE = YES;
				CLANG_WARN__DUPLICATE_METHOD_MATCH = YES;
				"CODE_SIGN_IDENTITY[sdk=iphoneos*]" = "iPhone Developer";
				COPY_PHASE_STRIP = YES;
				ENABLE_NS_ASSERTIONS = NO;
				ENABLE_STRICT_OBJC_MSGSEND = YES;
				GCC_C_LANGUAGE_STANDARD = gnu99;
				GCC_WARN_64_TO_32_BIT_CONVERSION = YES;
				GCC_WARN_ABOUT_RETURN_TYPE = YES_ERROR;
				GCC_WARN_UNDECLARED_SELECTOR = YES;
				GCC_WARN_UNINITIALIZED_AUTOS = YES_AGGRESSIVE;
				GCC_WARN_UNUSED_FUNCTION = YES;
				GCC_WARN_UNUSED_VARIABLE = YES;
				IPHONEOS_DEPLOYMENT_TARGET = 8.1;
				MTL_ENABLE_DEBUG_INFO = NO;
				SDKROOT = iphoneos;
				TARGETED_DEVICE_FAMILY = "1,2";
				VALIDATE_PRODUCT = YES;
			};
			name = Release;
		};
		1939D97A1A88B32D00F5E62D /* Debug */ = {
			isa = XCBuildConfiguration;
			buildSettings = {
				ASSETCATALOG_COMPILER_APPICON_NAME = AppIcon;
				INFOPLIST_FILE = DAHelloWorld/Info.plist;
				LD_RUNPATH_SEARCH_PATHS = "$(inherited) @executable_path/Frameworks";
				PRODUCT_NAME = "$(TARGET_NAME)";
			};
			name = Debug;
		};
		1939D97B1A88B32D00F5E62D /* Release */ = {
			isa = XCBuildConfiguration;
			buildSettings = {
				ASSETCATALOG_COMPILER_APPICON_NAME = AppIcon;
				INFOPLIST_FILE = DAHelloWorld/Info.plist;
				LD_RUNPATH_SEARCH_PATHS = "$(inherited) @executable_path/Frameworks";
				PRODUCT_NAME = "$(TARGET_NAME)";
			};
			name = Release;
		};
		1939D97D1A88B32D00F5E62D /* Debug */ = {
			isa = XCBuildConfiguration;
			buildSettings = {
				BUNDLE_LOADER = "$(TEST_HOST)";
				FRAMEWORK_SEARCH_PATHS = (
					"$(SDKROOT)/Developer/Library/Frameworks",
					"$(inherited)",
				);
				GCC_PREPROCESSOR_DEFINITIONS = (
					"DEBUG=1",
					"$(inherited)",
				);
				INFOPLIST_FILE = DAHelloWorldTests/Info.plist;
				LD_RUNPATH_SEARCH_PATHS = "$(inherited) @executable_path/Frameworks @loader_path/Frameworks";
				PRODUCT_NAME = "$(TARGET_NAME)";
				TEST_HOST = "$(BUILT_PRODUCTS_DIR)/DAHelloWorld.app/DAHelloWorld";
			};
			name = Debug;
		};
		1939D97E1A88B32D00F5E62D /* Release */ = {
			isa = XCBuildConfiguration;
			buildSettings = {
				BUNDLE_LOADER = "$(TEST_HOST)";
				FRAMEWORK_SEARCH_PATHS = (
					"$(SDKROOT)/Developer/Library/Frameworks",
					"$(inherited)",
				);
				INFOPLIST_FILE = DAHelloWorldTests/Info.plist;
				LD_RUNPATH_SEARCH_PATHS = "$(inherited) @executable_path/Frameworks @loader_path/Frameworks";
				PRODUCT_NAME = "$(TARGET_NAME)";
				TEST_HOST = "$(BUILT_PRODUCTS_DIR)/DAHelloWorld.app/DAHelloWorld";
			};
			name = Release;
		};
/* End XCBuildConfiguration section */

/* Begin XCConfigurationList section */
		1939D9511A88B32D00F5E62D /* Build configuration list for PBXProject "DAHelloWorld" */ = {
			isa = XCConfigurationList;
			buildConfigurations = (
				1939D9771A88B32D00F5E62D /* Debug */,
				1939D9781A88B32D00F5E62D /* Release */,
			);
			defaultConfigurationIsVisible = 0;
			defaultConfigurationName = Release;
		};
		1939D9791A88B32D00F5E62D /* Build configuration list for PBXNativeTarget "DAHelloWorld" */ = {
			isa = XCConfigurationList;
			buildConfigurations = (
				1939D97A1A88B32D00F5E62D /* Debug */,
				1939D97B1A88B32D00F5E62D /* Release */,
			);
			defaultConfigurationIsVisible = 0;
		};
		1939D97C1A88B32D00F5E62D /* Build configuration list for PBXNativeTarget "DAHelloWorldTests" */ = {
			isa = XCConfigurationList;
			buildConfigurations = (
				1939D97D1A88B32D00F5E62D /* Debug */,
				1939D97E1A88B32D00F5E62D /* Release */,
			);
			defaultConfigurationIsVisible = 0;
		};
/* End XCConfigurationList section */
	};
	rootObject = 1939D94E1A88B32D00F5E62D /* Project object */;
}
