// !$*UTF8*$!
{
	archiveVersion = 1;
	classes = {
	};
	objectVersion = 46;
	objects = {

/* Begin PBXBuildFile section */
		199BC9E61A8BF036003D4EB9 /* MyClass.m in Sources */ = {isa = PBXBuildFile; fileRef = 199BC9E51A8BF036003D4EB9 /* MyClass.m */; };
		199BC9EA1A8C6852003D4EB9 /* NSString+MyCategory.m in Sources */ = {isa = PBXBuildFile; fileRef = 199BC9E91A8C6852003D4EB9 /* NSString+MyCategory.m */; };
		19E7F3901A88A66200774D09 /* main.m in Sources */ = {isa = PBXBuildFile; fileRef = 19E7F38F1A88A66200774D09 /* main.m */; };
/* End PBXBuildFile section */

/* Begin PBXCopyFilesBuildPhase section */
		19E7F38A1A88A66200774D09 /* CopyFiles */ = {
			isa = PBXCopyFilesBuildPhase;
			buildActionMask = 2147483647;
			dstPath = /usr/share/man/man1/;
			dstSubfolderSpec = 0;
			files = (
			);
			runOnlyForDeploymentPostprocessing = 1;
		};
/* End PBXCopyFilesBuildPhase section */

/* Begin PBXFileReference section */
		199BC9E41A8BEDBB003D4EB9 /* MyClass.h */ = {isa = PBXFileReference; lastKnownFileType = sourcecode.c.h; path = MyClass.h; sourceTree = "<group>"; };
		199BC9E51A8BF036003D4EB9 /* MyClass.m */ = {isa = PBXFileReference; fileEncoding = 4; lastKnownFileType = sourcecode.c.objc; path = MyClass.m; sourceTree = "<group>"; };
		199BC9E71A8C6682003D4EB9 /* MyProtocol.h */ = {isa = PBXFileReference; lastKnownFileType = sourcecode.c.h; path = MyProtocol.h; sourceTree = "<group>"; };
		199BC9E81A8C67B8003D4EB9 /* NSString+MyCategory.h */ = {isa = PBXFileReference; lastKnownFileType = sourcecode.c.h; path = "NSString+MyCategory.h"; sourceTree = "<group>"; };
		199BC9E91A8C6852003D4EB9 /* NSString+MyCategory.m */ = {isa = PBXFileReference; fileEncoding = 4; lastKnownFileType = sourcecode.c.objc; path = "NSString+MyCategory.m"; sourceTree = "<group>"; };
		19E7F38C1A88A66200774D09 /* HelloObjectiveC */ = {isa = PBXFileReference; explicitFileType = "compiled.mach-o.executable"; includeInIndex = 0; path = HelloObjectiveC; sourceTree = BUILT_PRODUCTS_DIR; };
		19E7F38F1A88A66200774D09 /* main.m */ = {isa = PBXFileReference; lastKnownFileType = sourcecode.c.objc; path = main.m; sourceTree = "<group>"; };
/* End PBXFileReference section */

/* Begin PBXFrameworksBuildPhase section */
		19E7F3891A88A66200774D09 /* Frameworks */ = {
			isa = PBXFrameworksBuildPhase;
			buildActionMask = 2147483647;
			files = (
			);
			runOnlyForDeploymentPostprocessing = 0;
		};
/* End PBXFrameworksBuildPhase section */

/* Begin PBXGroup section */
		19E7F3831A88A66200774D09 = {
			isa = PBXGroup;
			children = (
				19E7F38E1A88A66200774D09 /* HelloObjectiveC */,
				19E7F38D1A88A66200774D09 /* Products */,
			);
			sourceTree = "<group>";
		};
		19E7F38D1A88A66200774D09 /* Products */ = {
			isa = PBXGroup;
			children = (
				19E7F38C1A88A66200774D09 /* HelloObjectiveC */,
			);
			name = Products;
			sourceTree = "<group>";
		};
		19E7F38E1A88A66200774D09 /* HelloObjectiveC */ = {
			isa = PBXGroup;
			children = (
				19E7F38F1A88A66200774D09 /* main.m */,
				199BC9E41A8BEDBB003D4EB9 /* MyClass.h */,
				199BC9E51A8BF036003D4EB9 /* MyClass.m */,
				199BC9E71A8C6682003D4EB9 /* MyProtocol.h */,
				199BC9E81A8C67B8003D4EB9 /* NSString+MyCategory.h */,
				199BC9E91A8C6852003D4EB9 /* NSString+MyCategory.m */,
			);
			path = HelloObjectiveC;
			sourceTree = "<group>";
		};
/* End PBXGroup section */

/* Begin PBXNativeTarget section */
		19E7F38B1A88A66200774D09 /* HelloObjectiveC */ = {
			isa = PBXNativeTarget;
			buildConfigurationList = 19E7F3931A88A66200774D09 /* Build configuration list for PBXNativeTarget "HelloObjectiveC" */;
			buildPhases = (
				19E7F3881A88A66200774D09 /* Sources */,
				19E7F3891A88A66200774D09 /* Frameworks */,
				19E7F38A1A88A66200774D09 /* CopyFiles */,
			);
			buildRules = (
			);
			dependencies = (
			);
			name = HelloObjectiveC;
			productName = HelloObjectiveC;
			productReference = 19E7F38C1A88A66200774D09 /* HelloObjectiveC */;
			productType = "com.apple.product-type.tool";
		};
/* End PBXNativeTarget section */

/* Begin PBXProject section */
		19E7F3841A88A66200774D09 /* Project object */ = {
			isa = PBXProject;
			attributes = {
				LastUpgradeCheck = 0610;
				ORGANIZATIONNAME = k_nagadou;
				TargetAttributes = {
					19E7F38B1A88A66200774D09 = {
						CreatedOnToolsVersion = 6.1.1;
					};
				};
			};
			buildConfigurationList = 19E7F3871A88A66200774D09 /* Build configuration list for PBXProject "HelloObjectiveC" */;
			compatibilityVersion = "Xcode 3.2";
			developmentRegion = English;
			hasScannedForEncodings = 0;
			knownRegions = (
				en,
			);
			mainGroup = 19E7F3831A88A66200774D09;
			productRefGroup = 19E7F38D1A88A66200774D09 /* Products */;
			projectDirPath = "";
			projectRoot = "";
			targets = (
				19E7F38B1A88A66200774D09 /* HelloObjectiveC */,
			);
		};
/* End PBXProject section */

/* Begin PBXSourcesBuildPhase section */
		19E7F3881A88A66200774D09 /* Sources */ = {
			isa = PBXSourcesBuildPhase;
			buildActionMask = 2147483647;
			files = (
				199BC9E61A8BF036003D4EB9 /* MyClass.m in Sources */,
				199BC9EA1A8C6852003D4EB9 /* NSString+MyCategory.m in Sources */,
				19E7F3901A88A66200774D09 /* main.m in Sources */,
			);
			runOnlyForDeploymentPostprocessing = 0;
		};
/* End PBXSourcesBuildPhase section */

/* Begin XCBuildConfiguration section */
		19E7F3911A88A66200774D09 /* Debug */ = {
			isa = XCBuildConfiguration;
			buildSettings = {
				ALWAYS_SEARCH_USER_PATHS = NO;
				CLANG_CXX_LANGUAGE_STANDARD = "gnu++0x";
				CLANG_CXX_LIBRARY = "libc++";
				CLANG_ENABLE_MODULES = YES;
				CLANG_ENABLE_OBJC_ARC = YES;
				CLANG_WARN_BOOL_CONVERSION = YES;
				CLANG_WARN_CONSTANT_CONVERSION = YES;
				CLANG_WARN_DIRECT_OBJC_ISA_USAGE = YES_ERROR;
				CLANG_WARN_EMPTY_BODY = YES;
				CLANG_WARN_ENUM_CONVERSION = YES;
				CLANG_WARN_INT_CONVERSION = YES;
				CLANG_WARN_OBJC_ROOT_CLASS = YES_ERROR;
				CLANG_WARN_UNREACHABLE_CODE = YES;
				CLANG_WARN__DUPLICATE_METHOD_MATCH = YES;
				COPY_PHASE_STRIP = NO;
				ENABLE_STRICT_OBJC_MSGSEND = YES;
				GCC_C_LANGUAGE_STANDARD = gnu99;
				GCC_DYNAMIC_NO_PIC = NO;
				GCC_OPTIMIZATION_LEVEL = 0;
				GCC_PREPROCESSOR_DEFINITIONS = (
					"DEBUG=1",
					"$(inherited)",
				);
				GCC_SYMBOLS_PRIVATE_EXTERN = NO;
				GCC_WARN_64_TO_32_BIT_CONVERSION = YES;
				GCC_WARN_ABOUT_RETURN_TYPE = YES_ERROR;
				GCC_WARN_UNDECLARED_SELECTOR = YES;
				GCC_WARN_UNINITIALIZED_AUTOS = YES_AGGRESSIVE;
				GCC_WARN_UNUSED_FUNCTION = YES;
				GCC_WARN_UNUSED_VARIABLE = YES;
				MACOSX_DEPLOYMENT_TARGET = 10.10;
				MTL_ENABLE_DEBUG_INFO = YES;
				ONLY_ACTIVE_ARCH = YES;
				SDKROOT = macosx;
			};
			name = Debug;
		};
		19E7F3921A88A66200774D09 /* Release */ = {
			isa = XCBuildConfiguration;
			buildSettings = {
				ALWAYS_SEARCH_USER_PATHS = NO;
				CLANG_CXX_LANGUAGE_STANDARD = "gnu++0x";
				CLANG_CXX_LIBRARY = "libc++";
				CLANG_ENABLE_MODULES = YES;
				CLANG_ENABLE_OBJC_ARC = YES;
				CLANG_WARN_BOOL_CONVERSION = YES;
				CLANG_WARN_CONSTANT_CONVERSION = YES;
				CLANG_WARN_DIRECT_OBJC_ISA_USAGE = YES_ERROR;
				CLANG_WARN_EMPTY_BODY = YES;
				CLANG_WARN_ENUM_CONVERSION = YES;
				CLANG_WARN_INT_CONVERSION = YES;
				CLANG_WARN_OBJC_ROOT_CLASS = YES_ERROR;
				CLANG_WARN_UNREACHABLE_CODE = YES;
				CLANG_WARN__DUPLICATE_METHOD_MATCH = YES;
				COPY_PHASE_STRIP = YES;
				DEBUG_INFORMATION_FORMAT = "dwarf-with-dsym";
				ENABLE_NS_ASSERTIONS = NO;
				ENABLE_STRICT_OBJC_MSGSEND = YES;
				GCC_C_LANGUAGE_STANDARD = gnu99;
				GCC_WARN_64_TO_32_BIT_CONVERSION = YES;
				GCC_WARN_ABOUT_RETURN_TYPE = YES_ERROR;
				GCC_WARN_UNDECLARED_SELECTOR = YES;
				GCC_WARN_UNINITIALIZED_AUTOS = YES_AGGRESSIVE;
				GCC_WARN_UNUSED_FUNCTION = YES;
				GCC_WARN_UNUSED_VARIABLE = YES;
				MACOSX_DEPLOYMENT_TARGET = 10.10;
				MTL_ENABLE_DEBUG_INFO = NO;
				SDKROOT = macosx;
			};
			name = Release;
		};
		19E7F3941A88A66200774D09 /* Debug */ = {
			isa = XCBuildConfiguration;
			buildSettings = {
				PRODUCT_NAME = "$(TARGET_NAME)";
			};
			name = Debug;
		};
		19E7F3951A88A66200774D09 /* Release */ = {
			isa = XCBuildConfiguration;
			buildSettings = {
				PRODUCT_NAME = "$(TARGET_NAME)";
			};
			name = Release;
		};
/* End XCBuildConfiguration section */

/* Begin XCConfigurationList section */
		19E7F3871A88A66200774D09 /* Build configuration list for PBXProject "HelloObjectiveC" */ = {
			isa = XCConfigurationList;
			buildConfigurations = (
				19E7F3911A88A66200774D09 /* Debug */,
				19E7F3921A88A66200774D09 /* Release */,
			);
			defaultConfigurationIsVisible = 0;
			defaultConfigurationName = Release;
		};
		19E7F3931A88A66200774D09 /* Build configuration list for PBXNativeTarget "HelloObjectiveC" */ = {
			isa = XCConfigurationList;
			buildConfigurations = (
				19E7F3941A88A66200774D09 /* Debug */,
				19E7F3951A88A66200774D09 /* Release */,
			);
			defaultConfigurationIsVisible = 0;
			defaultConfigurationName = Release;
		};
/* End XCConfigurationList section */
	};
	rootObject = 19E7F3841A88A66200774D09 /* Project object */;
}
